// !$*UTF8*$!
{
	archiveVersion = 1;
	classes = {
	};
	objectVersion = 56;
	objects = {

/* Begin PBXBuildFile section */
		AA75DB612B6FF10E00BF1BE5 /* Activity_Stats_ExporterApp.swift in Sources */ = {isa = PBXBuildFile; fileRef = AA75DB602B6FF10E00BF1BE5 /* Activity_Stats_ExporterApp.swift */; };
		AA75DB672B6FF10F00BF1BE5 /* Assets.xcassets in Resources */ = {isa = PBXBuildFile; fileRef = AA75DB662B6FF10F00BF1BE5 /* Assets.xcassets */; };
		AA75DB6A2B6FF10F00BF1BE5 /* Preview Assets.xcassets in Resources */ = {isa = PBXBuildFile; fileRef = AA75DB692B6FF10F00BF1BE5 /* Preview Assets.xcassets */; };
		AA75DB742B6FF11000BF1BE5 /* Activity_Stats_ExporterTests.swift in Sources */ = {isa = PBXBuildFile; fileRef = AA75DB732B6FF11000BF1BE5 /* Activity_Stats_ExporterTests.swift */; };
		AA75DB7E2B6FF11000BF1BE5 /* Activity_Stats_ExporterUITests.swift in Sources */ = {isa = PBXBuildFile; fileRef = AA75DB7D2B6FF11000BF1BE5 /* Activity_Stats_ExporterUITests.swift */; };
		AA75DB802B6FF11000BF1BE5 /* Activity_Stats_ExporterUITestsLaunchTests.swift in Sources */ = {isa = PBXBuildFile; fileRef = AA75DB7F2B6FF11000BF1BE5 /* Activity_Stats_ExporterUITestsLaunchTests.swift */; };
		AAC435B32B76A69E00136721 /* StepsModel.swift in Sources */ = {isa = PBXBuildFile; fileRef = AAC435B22B76A69E00136721 /* StepsModel.swift */; };
		AAD8D5082B713C5E0067ED31 /* MainView.swift in Sources */ = {isa = PBXBuildFile; fileRef = AAD8D5072B713C5E0067ED31 /* MainView.swift */; };
		AAD8D50A2B727D360067ED31 /* StepsView.swift in Sources */ = {isa = PBXBuildFile; fileRef = AAD8D5092B727D360067ED31 /* StepsView.swift */; };
		AAE2BB592B7ECCA7004F291C /* SourcesView.swift in Sources */ = {isa = PBXBuildFile; fileRef = AAE2BB582B7ECCA7004F291C /* SourcesView.swift */; };
		AAE2BB5B2B8CA224004F291C /* SourcesModel.swift in Sources */ = {isa = PBXBuildFile; fileRef = AAE2BB5A2B8CA224004F291C /* SourcesModel.swift */; };
		AAE2BB5E2B8D5AEE004F291C /* ErrorHandler.swift in Sources */ = {isa = PBXBuildFile; fileRef = AAE2BB5D2B8D5AEE004F291C /* ErrorHandler.swift */; };
		AAE2BB622B8D5D50004F291C /* DateConverter.swift in Sources */ = {isa = PBXBuildFile; fileRef = AAE2BB612B8D5D50004F291C /* DateConverter.swift */; };
		AAE2BB642B8D5D8B004F291C /* HKBroker.swift in Sources */ = {isa = PBXBuildFile; fileRef = AAE2BB632B8D5D8B004F291C /* HKBroker.swift */; };
		AAE2BB662B8D5F9A004F291C /* Queries.swift in Sources */ = {isa = PBXBuildFile; fileRef = AAE2BB652B8D5F9A004F291C /* Queries.swift */; };
		AAE2BB682B8D64EF004F291C /* Predicates.swift in Sources */ = {isa = PBXBuildFile; fileRef = AAE2BB672B8D64EF004F291C /* Predicates.swift */; };
/* End PBXBuildFile section */

/* Begin PBXContainerItemProxy section */
		AA75DB702B6FF11000BF1BE5 /* PBXContainerItemProxy */ = {
			isa = PBXContainerItemProxy;
			containerPortal = AA75DB552B6FF10E00BF1BE5 /* Project object */;
			proxyType = 1;
			remoteGlobalIDString = AA75DB5C2B6FF10E00BF1BE5;
			remoteInfo = "Activity Stats Exporter";
		};
		AA75DB7A2B6FF11000BF1BE5 /* PBXContainerItemProxy */ = {
			isa = PBXContainerItemProxy;
			containerPortal = AA75DB552B6FF10E00BF1BE5 /* Project object */;
			proxyType = 1;
			remoteGlobalIDString = AA75DB5C2B6FF10E00BF1BE5;
			remoteInfo = "Activity Stats Exporter";
		};
/* End PBXContainerItemProxy section */

/* Begin PBXFileReference section */
		AA75DB5D2B6FF10E00BF1BE5 /* Activity Stats Exporter.app */ = {isa = PBXFileReference; explicitFileType = wrapper.application; includeInIndex = 0; path = "Activity Stats Exporter.app"; sourceTree = BUILT_PRODUCTS_DIR; };
		AA75DB602B6FF10E00BF1BE5 /* Activity_Stats_ExporterApp.swift */ = {isa = PBXFileReference; lastKnownFileType = sourcecode.swift; path = Activity_Stats_ExporterApp.swift; sourceTree = "<group>"; };
		AA75DB662B6FF10F00BF1BE5 /* Assets.xcassets */ = {isa = PBXFileReference; lastKnownFileType = folder.assetcatalog; path = Assets.xcassets; sourceTree = "<group>"; };
		AA75DB692B6FF10F00BF1BE5 /* Preview Assets.xcassets */ = {isa = PBXFileReference; lastKnownFileType = folder.assetcatalog; path = "Preview Assets.xcassets"; sourceTree = "<group>"; };
		AA75DB6F2B6FF11000BF1BE5 /* Activity Stats ExporterTests.xctest */ = {isa = PBXFileReference; explicitFileType = wrapper.cfbundle; includeInIndex = 0; path = "Activity Stats ExporterTests.xctest"; sourceTree = BUILT_PRODUCTS_DIR; };
		AA75DB732B6FF11000BF1BE5 /* Activity_Stats_ExporterTests.swift */ = {isa = PBXFileReference; lastKnownFileType = sourcecode.swift; path = Activity_Stats_ExporterTests.swift; sourceTree = "<group>"; };
		AA75DB792B6FF11000BF1BE5 /* Activity Stats ExporterUITests.xctest */ = {isa = PBXFileReference; explicitFileType = wrapper.cfbundle; includeInIndex = 0; path = "Activity Stats ExporterUITests.xctest"; sourceTree = BUILT_PRODUCTS_DIR; };
		AA75DB7D2B6FF11000BF1BE5 /* Activity_Stats_ExporterUITests.swift */ = {isa = PBXFileReference; lastKnownFileType = sourcecode.swift; path = Activity_Stats_ExporterUITests.swift; sourceTree = "<group>"; };
		AA75DB7F2B6FF11000BF1BE5 /* Activity_Stats_ExporterUITestsLaunchTests.swift */ = {isa = PBXFileReference; lastKnownFileType = sourcecode.swift; path = Activity_Stats_ExporterUITestsLaunchTests.swift; sourceTree = "<group>"; };
		AA75DB8C2B71262200BF1BE5 /* Activity Stats Exporter.entitlements */ = {isa = PBXFileReference; lastKnownFileType = text.plist.entitlements; path = "Activity Stats Exporter.entitlements"; sourceTree = "<group>"; };
		AAC435B22B76A69E00136721 /* StepsModel.swift */ = {isa = PBXFileReference; lastKnownFileType = sourcecode.swift; path = StepsModel.swift; sourceTree = "<group>"; };
		AAD8D5042B71315A0067ED31 /* Activity-Stats-Exporter-Info.plist */ = {isa = PBXFileReference; lastKnownFileType = text.plist; path = "Activity-Stats-Exporter-Info.plist"; sourceTree = SOURCE_ROOT; };
		AAD8D5072B713C5E0067ED31 /* MainView.swift */ = {isa = PBXFileReference; lastKnownFileType = sourcecode.swift; path = MainView.swift; sourceTree = "<group>"; };
		AAD8D5092B727D360067ED31 /* StepsView.swift */ = {isa = PBXFileReference; lastKnownFileType = sourcecode.swift; path = StepsView.swift; sourceTree = "<group>"; };
		AAE2BB582B7ECCA7004F291C /* SourcesView.swift */ = {isa = PBXFileReference; lastKnownFileType = sourcecode.swift; path = SourcesView.swift; sourceTree = "<group>"; };
		AAE2BB5A2B8CA224004F291C /* SourcesModel.swift */ = {isa = PBXFileReference; lastKnownFileType = sourcecode.swift; path = SourcesModel.swift; sourceTree = "<group>"; };
		AAE2BB5D2B8D5AEE004F291C /* ErrorHandler.swift */ = {isa = PBXFileReference; lastKnownFileType = sourcecode.swift; path = ErrorHandler.swift; sourceTree = "<group>"; };
		AAE2BB612B8D5D50004F291C /* DateConverter.swift */ = {isa = PBXFileReference; lastKnownFileType = sourcecode.swift; path = DateConverter.swift; sourceTree = "<group>"; };
		AAE2BB632B8D5D8B004F291C /* HKBroker.swift */ = {isa = PBXFileReference; lastKnownFileType = sourcecode.swift; path = HKBroker.swift; sourceTree = "<group>"; };
		AAE2BB652B8D5F9A004F291C /* Queries.swift */ = {isa = PBXFileReference; lastKnownFileType = sourcecode.swift; path = Queries.swift; sourceTree = "<group>"; };
		AAE2BB672B8D64EF004F291C /* Predicates.swift */ = {isa = PBXFileReference; lastKnownFileType = sourcecode.swift; path = Predicates.swift; sourceTree = "<group>"; };
/* End PBXFileReference section */

/* Begin PBXFrameworksBuildPhase section */
		AA75DB5A2B6FF10E00BF1BE5 /* Frameworks */ = {
			isa = PBXFrameworksBuildPhase;
			buildActionMask = 2147483647;
			files = (
			);
			runOnlyForDeploymentPostprocessing = 0;
		};
		AA75DB6C2B6FF11000BF1BE5 /* Frameworks */ = {
			isa = PBXFrameworksBuildPhase;
			buildActionMask = 2147483647;
			files = (
			);
			runOnlyForDeploymentPostprocessing = 0;
		};
		AA75DB762B6FF11000BF1BE5 /* Frameworks */ = {
			isa = PBXFrameworksBuildPhase;
			buildActionMask = 2147483647;
			files = (
			);
			runOnlyForDeploymentPostprocessing = 0;
		};
/* End PBXFrameworksBuildPhase section */

/* Begin PBXGroup section */
		AA75DB542B6FF10E00BF1BE5 = {
			isa = PBXGroup;
			children = (
				AA75DB5F2B6FF10E00BF1BE5 /* Activity Stats Exporter */,
				AA75DB722B6FF11000BF1BE5 /* Activity Stats ExporterTests */,
				AA75DB7C2B6FF11000BF1BE5 /* Activity Stats ExporterUITests */,
				AA75DB5E2B6FF10E00BF1BE5 /* Products */,
			);
			sourceTree = "<group>";
		};
		AA75DB5E2B6FF10E00BF1BE5 /* Products */ = {
			isa = PBXGroup;
			children = (
				AA75DB5D2B6FF10E00BF1BE5 /* Activity Stats Exporter.app */,
				AA75DB6F2B6FF11000BF1BE5 /* Activity Stats ExporterTests.xctest */,
				AA75DB792B6FF11000BF1BE5 /* Activity Stats ExporterUITests.xctest */,
			);
			name = Products;
			sourceTree = "<group>";
		};
		AA75DB5F2B6FF10E00BF1BE5 /* Activity Stats Exporter */ = {
			isa = PBXGroup;
			children = (
				AAE2BB602B8D5B7F004F291C /* Models */,
				AAE2BB5F2B8D5B10004F291C /* Views */,
				AAE2BB5C2B8D5ADF004F291C /* Util */,
				AAD8D5042B71315A0067ED31 /* Activity-Stats-Exporter-Info.plist */,
				AA75DB8C2B71262200BF1BE5 /* Activity Stats Exporter.entitlements */,
				AA75DB602B6FF10E00BF1BE5 /* Activity_Stats_ExporterApp.swift */,
				AA75DB662B6FF10F00BF1BE5 /* Assets.xcassets */,
				AA75DB682B6FF10F00BF1BE5 /* Preview Content */,
			);
			path = "Activity Stats Exporter";
			sourceTree = "<group>";
		};
		AA75DB682B6FF10F00BF1BE5 /* Preview Content */ = {
			isa = PBXGroup;
			children = (
				AA75DB692B6FF10F00BF1BE5 /* Preview Assets.xcassets */,
			);
			path = "Preview Content";
			sourceTree = "<group>";
		};
		AA75DB722B6FF11000BF1BE5 /* Activity Stats ExporterTests */ = {
			isa = PBXGroup;
			children = (
				AA75DB732B6FF11000BF1BE5 /* Activity_Stats_ExporterTests.swift */,
			);
			path = "Activity Stats ExporterTests";
			sourceTree = "<group>";
		};
		AA75DB7C2B6FF11000BF1BE5 /* Activity Stats ExporterUITests */ = {
			isa = PBXGroup;
			children = (
				AA75DB7D2B6FF11000BF1BE5 /* Activity_Stats_ExporterUITests.swift */,
				AA75DB7F2B6FF11000BF1BE5 /* Activity_Stats_ExporterUITestsLaunchTests.swift */,
			);
			path = "Activity Stats ExporterUITests";
			sourceTree = "<group>";
		};
		AAE2BB5C2B8D5ADF004F291C /* Util */ = {
			isa = PBXGroup;
			children = (
				AAE2BB5D2B8D5AEE004F291C /* ErrorHandler.swift */,
				AAE2BB612B8D5D50004F291C /* DateConverter.swift */,
				AAE2BB632B8D5D8B004F291C /* HKBroker.swift */,
				AAE2BB652B8D5F9A004F291C /* Queries.swift */,
				AAE2BB672B8D64EF004F291C /* Predicates.swift */,
			);
			path = Util;
			sourceTree = "<group>";
		};
		AAE2BB5F2B8D5B10004F291C /* Views */ = {
			isa = PBXGroup;
			children = (
				AAD8D5072B713C5E0067ED31 /* MainView.swift */,
				AAD8D5092B727D360067ED31 /* StepsView.swift */,
				AAE2BB582B7ECCA7004F291C /* SourcesView.swift */,
			);
			path = Views;
			sourceTree = "<group>";
		};
		AAE2BB602B8D5B7F004F291C /* Models */ = {
			isa = PBXGroup;
			children = (
				AAC435B22B76A69E00136721 /* StepsModel.swift */,
				AAE2BB5A2B8CA224004F291C /* SourcesModel.swift */,
			);
			path = Models;
			sourceTree = "<group>";
		};
/* End PBXGroup section */

/* Begin PBXNativeTarget section */
		AA75DB5C2B6FF10E00BF1BE5 /* Activity Stats Exporter */ = {
			isa = PBXNativeTarget;
			buildConfigurationList = AA75DB832B6FF11000BF1BE5 /* Build configuration list for PBXNativeTarget "Activity Stats Exporter" */;
			buildPhases = (
				AA75DB592B6FF10E00BF1BE5 /* Sources */,
				AA75DB5A2B6FF10E00BF1BE5 /* Frameworks */,
				AA75DB5B2B6FF10E00BF1BE5 /* Resources */,
			);
			buildRules = (
			);
			dependencies = (
			);
			name = "Activity Stats Exporter";
			productName = "Activity Stats Exporter";
			productReference = AA75DB5D2B6FF10E00BF1BE5 /* Activity Stats Exporter.app */;
			productType = "com.apple.product-type.application";
		};
		AA75DB6E2B6FF11000BF1BE5 /* Activity Stats ExporterTests */ = {
			isa = PBXNativeTarget;
			buildConfigurationList = AA75DB862B6FF11000BF1BE5 /* Build configuration list for PBXNativeTarget "Activity Stats ExporterTests" */;
			buildPhases = (
				AA75DB6B2B6FF11000BF1BE5 /* Sources */,
				AA75DB6C2B6FF11000BF1BE5 /* Frameworks */,
				AA75DB6D2B6FF11000BF1BE5 /* Resources */,
			);
			buildRules = (
			);
			dependencies = (
				AA75DB712B6FF11000BF1BE5 /* PBXTargetDependency */,
			);
			name = "Activity Stats ExporterTests";
			productName = "Activity Stats ExporterTests";
			productReference = AA75DB6F2B6FF11000BF1BE5 /* Activity Stats ExporterTests.xctest */;
			productType = "com.apple.product-type.bundle.unit-test";
		};
		AA75DB782B6FF11000BF1BE5 /* Activity Stats ExporterUITests */ = {
			isa = PBXNativeTarget;
			buildConfigurationList = AA75DB892B6FF11000BF1BE5 /* Build configuration list for PBXNativeTarget "Activity Stats ExporterUITests" */;
			buildPhases = (
				AA75DB752B6FF11000BF1BE5 /* Sources */,
				AA75DB762B6FF11000BF1BE5 /* Frameworks */,
				AA75DB772B6FF11000BF1BE5 /* Resources */,
			);
			buildRules = (
			);
			dependencies = (
				AA75DB7B2B6FF11000BF1BE5 /* PBXTargetDependency */,
			);
			name = "Activity Stats ExporterUITests";
			productName = "Activity Stats ExporterUITests";
			productReference = AA75DB792B6FF11000BF1BE5 /* Activity Stats ExporterUITests.xctest */;
			productType = "com.apple.product-type.bundle.ui-testing";
		};
/* End PBXNativeTarget section */

/* Begin PBXProject section */
		AA75DB552B6FF10E00BF1BE5 /* Project object */ = {
			isa = PBXProject;
			attributes = {
				BuildIndependentTargetsInParallel = 1;
				LastSwiftUpdateCheck = 1520;
				LastUpgradeCheck = 1520;
				TargetAttributes = {
					AA75DB5C2B6FF10E00BF1BE5 = {
						CreatedOnToolsVersion = 15.2;
					};
					AA75DB6E2B6FF11000BF1BE5 = {
						CreatedOnToolsVersion = 15.2;
						TestTargetID = AA75DB5C2B6FF10E00BF1BE5;
					};
					AA75DB782B6FF11000BF1BE5 = {
						CreatedOnToolsVersion = 15.2;
						TestTargetID = AA75DB5C2B6FF10E00BF1BE5;
					};
				};
			};
			buildConfigurationList = AA75DB582B6FF10E00BF1BE5 /* Build configuration list for PBXProject "Activity Stats Exporter" */;
			compatibilityVersion = "Xcode 14.0";
			developmentRegion = en;
			hasScannedForEncodings = 0;
			knownRegions = (
				en,
				Base,
			);
			mainGroup = AA75DB542B6FF10E00BF1BE5;
			productRefGroup = AA75DB5E2B6FF10E00BF1BE5 /* Products */;
			projectDirPath = "";
			projectRoot = "";
			targets = (
				AA75DB5C2B6FF10E00BF1BE5 /* Activity Stats Exporter */,
				AA75DB6E2B6FF11000BF1BE5 /* Activity Stats ExporterTests */,
				AA75DB782B6FF11000BF1BE5 /* Activity Stats ExporterUITests */,
			);
		};
/* End PBXProject section */

/* Begin PBXResourcesBuildPhase section */
		AA75DB5B2B6FF10E00BF1BE5 /* Resources */ = {
			isa = PBXResourcesBuildPhase;
			buildActionMask = 2147483647;
			files = (
				AA75DB6A2B6FF10F00BF1BE5 /* Preview Assets.xcassets in Resources */,
				AA75DB672B6FF10F00BF1BE5 /* Assets.xcassets in Resources */,
			);
			runOnlyForDeploymentPostprocessing = 0;
		};
		AA75DB6D2B6FF11000BF1BE5 /* Resources */ = {
			isa = PBXResourcesBuildPhase;
			buildActionMask = 2147483647;
			files = (
			);
			runOnlyForDeploymentPostprocessing = 0;
		};
		AA75DB772B6FF11000BF1BE5 /* Resources */ = {
			isa = PBXResourcesBuildPhase;
			buildActionMask = 2147483647;
			files = (
			);
			runOnlyForDeploymentPostprocessing = 0;
		};
/* End PBXResourcesBuildPhase section */

/* Begin PBXSourcesBuildPhase section */
		AA75DB592B6FF10E00BF1BE5 /* Sources */ = {
			isa = PBXSourcesBuildPhase;
			buildActionMask = 2147483647;
			files = (
				AAE2BB662B8D5F9A004F291C /* Queries.swift in Sources */,
				AAE2BB622B8D5D50004F291C /* DateConverter.swift in Sources */,
				AA75DB612B6FF10E00BF1BE5 /* Activity_Stats_ExporterApp.swift in Sources */,
				AAE2BB5E2B8D5AEE004F291C /* ErrorHandler.swift in Sources */,
				AAE2BB682B8D64EF004F291C /* Predicates.swift in Sources */,
				AAD8D5082B713C5E0067ED31 /* MainView.swift in Sources */,
				AAE2BB5B2B8CA224004F291C /* SourcesModel.swift in Sources */,
				AAD8D50A2B727D360067ED31 /* StepsView.swift in Sources */,
				AAC435B32B76A69E00136721 /* StepsModel.swift in Sources */,
				AAE2BB642B8D5D8B004F291C /* HKBroker.swift in Sources */,
				AAE2BB592B7ECCA7004F291C /* SourcesView.swift in Sources */,
			);
			runOnlyForDeploymentPostprocessing = 0;
		};
		AA75DB6B2B6FF11000BF1BE5 /* Sources */ = {
			isa = PBXSourcesBuildPhase;
			buildActionMask = 2147483647;
			files = (
				AA75DB742B6FF11000BF1BE5 /* Activity_Stats_ExporterTests.swift in Sources */,
			);
			runOnlyForDeploymentPostprocessing = 0;
		};
		AA75DB752B6FF11000BF1BE5 /* Sources */ = {
			isa = PBXSourcesBuildPhase;
			buildActionMask = 2147483647;
			files = (
				AA75DB802B6FF11000BF1BE5 /* Activity_Stats_ExporterUITestsLaunchTests.swift in Sources */,
				AA75DB7E2B6FF11000BF1BE5 /* Activity_Stats_ExporterUITests.swift in Sources */,
			);
			runOnlyForDeploymentPostprocessing = 0;
		};
/* End PBXSourcesBuildPhase section */

/* Begin PBXTargetDependency section */
		AA75DB712B6FF11000BF1BE5 /* PBXTargetDependency */ = {
			isa = PBXTargetDependency;
			target = AA75DB5C2B6FF10E00BF1BE5 /* Activity Stats Exporter */;
			targetProxy = AA75DB702B6FF11000BF1BE5 /* PBXContainerItemProxy */;
		};
		AA75DB7B2B6FF11000BF1BE5 /* PBXTargetDependency */ = {
			isa = PBXTargetDependency;
			target = AA75DB5C2B6FF10E00BF1BE5 /* Activity Stats Exporter */;
			targetProxy = AA75DB7A2B6FF11000BF1BE5 /* PBXContainerItemProxy */;
		};
/* End PBXTargetDependency section */

/* Begin XCBuildConfiguration section */
		AA75DB812B6FF11000BF1BE5 /* Debug */ = {
			isa = XCBuildConfiguration;
			buildSettings = {
				ALWAYS_SEARCH_USER_PATHS = NO;
				ASSETCATALOG_COMPILER_GENERATE_SWIFT_ASSET_SYMBOL_EXTENSIONS = YES;
				CLANG_ANALYZER_NONNULL = YES;
				CLANG_ANALYZER_NUMBER_OBJECT_CONVERSION = YES_AGGRESSIVE;
				CLANG_CXX_LANGUAGE_STANDARD = "gnu++20";
				CLANG_ENABLE_MODULES = YES;
				CLANG_ENABLE_OBJC_ARC = YES;
				CLANG_ENABLE_OBJC_WEAK = YES;
				CLANG_WARN_BLOCK_CAPTURE_AUTORELEASING = YES;
				CLANG_WARN_BOOL_CONVERSION = YES;
				CLANG_WARN_COMMA = YES;
				CLANG_WARN_CONSTANT_CONVERSION = YES;
				CLANG_WARN_DEPRECATED_OBJC_IMPLEMENTATIONS = YES;
				CLANG_WARN_DIRECT_OBJC_ISA_USAGE = YES_ERROR;
				CLANG_WARN_DOCUMENTATION_COMMENTS = YES;
				CLANG_WARN_EMPTY_BODY = YES;
				CLANG_WARN_ENUM_CONVERSION = YES;
				CLANG_WARN_INFINITE_RECURSION = YES;
				CLANG_WARN_INT_CONVERSION = YES;
				CLANG_WARN_NON_LITERAL_NULL_CONVERSION = YES;
				CLANG_WARN_OBJC_IMPLICIT_RETAIN_SELF = YES;
				CLANG_WARN_OBJC_LITERAL_CONVERSION = YES;
				CLANG_WARN_OBJC_ROOT_CLASS = YES_ERROR;
				CLANG_WARN_QUOTED_INCLUDE_IN_FRAMEWORK_HEADER = YES;
				CLANG_WARN_RANGE_LOOP_ANALYSIS = YES;
				CLANG_WARN_STRICT_PROTOTYPES = YES;
				CLANG_WARN_SUSPICIOUS_MOVE = YES;
				CLANG_WARN_UNGUARDED_AVAILABILITY = YES_AGGRESSIVE;
				CLANG_WARN_UNREACHABLE_CODE = YES;
				CLANG_WARN__DUPLICATE_METHOD_MATCH = YES;
				COPY_PHASE_STRIP = NO;
				DEBUG_INFORMATION_FORMAT = dwarf;
				ENABLE_STRICT_OBJC_MSGSEND = YES;
				ENABLE_TESTABILITY = YES;
				ENABLE_USER_SCRIPT_SANDBOXING = YES;
				GCC_C_LANGUAGE_STANDARD = gnu17;
				GCC_DYNAMIC_NO_PIC = NO;
				GCC_NO_COMMON_BLOCKS = YES;
				GCC_OPTIMIZATION_LEVEL = 0;
				GCC_PREPROCESSOR_DEFINITIONS = (
					"DEBUG=1",
					"$(inherited)",
				);
				GCC_WARN_64_TO_32_BIT_CONVERSION = YES;
				GCC_WARN_ABOUT_RETURN_TYPE = YES_ERROR;
				GCC_WARN_UNDECLARED_SELECTOR = YES;
				GCC_WARN_UNINITIALIZED_AUTOS = YES_AGGRESSIVE;
				GCC_WARN_UNUSED_FUNCTION = YES;
				GCC_WARN_UNUSED_VARIABLE = YES;
				IPHONEOS_DEPLOYMENT_TARGET = 17.3;
				LOCALIZATION_PREFERS_STRING_CATALOGS = YES;
				MTL_ENABLE_DEBUG_INFO = INCLUDE_SOURCE;
				MTL_FAST_MATH = YES;
				ONLY_ACTIVE_ARCH = YES;
				SDKROOT = iphoneos;
				SWIFT_ACTIVE_COMPILATION_CONDITIONS = "DEBUG $(inherited)";
				SWIFT_OPTIMIZATION_LEVEL = "-Onone";
			};
			name = Debug;
		};
		AA75DB822B6FF11000BF1BE5 /* Release */ = {
			isa = XCBuildConfiguration;
			buildSettings = {
				ALWAYS_SEARCH_USER_PATHS = NO;
				ASSETCATALOG_COMPILER_GENERATE_SWIFT_ASSET_SYMBOL_EXTENSIONS = YES;
				CLANG_ANALYZER_NONNULL = YES;
				CLANG_ANALYZER_NUMBER_OBJECT_CONVERSION = YES_AGGRESSIVE;
				CLANG_CXX_LANGUAGE_STANDARD = "gnu++20";
				CLANG_ENABLE_MODULES = YES;
				CLANG_ENABLE_OBJC_ARC = YES;
				CLANG_ENABLE_OBJC_WEAK = YES;
				CLANG_WARN_BLOCK_CAPTURE_AUTORELEASING = YES;
				CLANG_WARN_BOOL_CONVERSION = YES;
				CLANG_WARN_COMMA = YES;
				CLANG_WARN_CONSTANT_CONVERSION = YES;
				CLANG_WARN_DEPRECATED_OBJC_IMPLEMENTATIONS = YES;
				CLANG_WARN_DIRECT_OBJC_ISA_USAGE = YES_ERROR;
				CLANG_WARN_DOCUMENTATION_COMMENTS = YES;
				CLANG_WARN_EMPTY_BODY = YES;
				CLANG_WARN_ENUM_CONVERSION = YES;
				CLANG_WARN_INFINITE_RECURSION = YES;
				CLANG_WARN_INT_CONVERSION = YES;
				CLANG_WARN_NON_LITERAL_NULL_CONVERSION = YES;
				CLANG_WARN_OBJC_IMPLICIT_RETAIN_SELF = YES;
				CLANG_WARN_OBJC_LITERAL_CONVERSION = YES;
				CLANG_WARN_OBJC_ROOT_CLASS = YES_ERROR;
				CLANG_WARN_QUOTED_INCLUDE_IN_FRAMEWORK_HEADER = YES;
				CLANG_WARN_RANGE_LOOP_ANALYSIS = YES;
				CLANG_WARN_STRICT_PROTOTYPES = YES;
				CLANG_WARN_SUSPICIOUS_MOVE = YES;
				CLANG_WARN_UNGUARDED_AVAILABILITY = YES_AGGRESSIVE;
				CLANG_WARN_UNREACHABLE_CODE = YES;
				CLANG_WARN__DUPLICATE_METHOD_MATCH = YES;
				COPY_PHASE_STRIP = NO;
				DEBUG_INFORMATION_FORMAT = "dwarf-with-dsym";
				ENABLE_NS_ASSERTIONS = NO;
				ENABLE_STRICT_OBJC_MSGSEND = YES;
				ENABLE_USER_SCRIPT_SANDBOXING = YES;
				GCC_C_LANGUAGE_STANDARD = gnu17;
				GCC_NO_COMMON_BLOCKS = YES;
				GCC_WARN_64_TO_32_BIT_CONVERSION = YES;
				GCC_WARN_ABOUT_RETURN_TYPE = YES_ERROR;
				GCC_WARN_UNDECLARED_SELECTOR = YES;
				GCC_WARN_UNINITIALIZED_AUTOS = YES_AGGRESSIVE;
				GCC_WARN_UNUSED_FUNCTION = YES;
				GCC_WARN_UNUSED_VARIABLE = YES;
				IPHONEOS_DEPLOYMENT_TARGET = 17.3;
				LOCALIZATION_PREFERS_STRING_CATALOGS = YES;
				MTL_ENABLE_DEBUG_INFO = NO;
				MTL_FAST_MATH = YES;
				SDKROOT = iphoneos;
				SWIFT_COMPILATION_MODE = wholemodule;
				VALIDATE_PRODUCT = YES;
			};
			name = Release;
		};
		AA75DB842B6FF11000BF1BE5 /* Debug */ = {
			isa = XCBuildConfiguration;
			buildSettings = {
				ASSETCATALOG_COMPILER_APPICON_NAME = AppIcon;
				ASSETCATALOG_COMPILER_GLOBAL_ACCENT_COLOR_NAME = AccentColor;
				CODE_SIGN_ENTITLEMENTS = "Activity Stats Exporter/Activity Stats Exporter.entitlements";
				CODE_SIGN_STYLE = Automatic;
				CURRENT_PROJECT_VERSION = 1;
				DEVELOPMENT_ASSET_PATHS = "\"Activity Stats Exporter/Preview Content\"";
				DEVELOPMENT_TEAM = A9B29N7D5B;
				ENABLE_PREVIEWS = YES;
				GENERATE_INFOPLIST_FILE = YES;
				INFOPLIST_FILE = "Activity-Stats-Exporter-Info.plist";
				INFOPLIST_KEY_LSApplicationCategoryType = "public.app-category.healthcare-fitness";
				INFOPLIST_KEY_NSHealthShareUsageDescription = "Health data is needed in order to fetch steps";
				INFOPLIST_KEY_NSHealthUpdateUsageDescription = "This is needed to alter the number of steps";
				INFOPLIST_KEY_UIApplicationSceneManifest_Generation = YES;
				INFOPLIST_KEY_UIApplicationSupportsIndirectInputEvents = YES;
				INFOPLIST_KEY_UILaunchScreen_Generation = YES;
				INFOPLIST_KEY_UISupportedInterfaceOrientations_iPad = "UIInterfaceOrientationPortrait UIInterfaceOrientationPortraitUpsideDown UIInterfaceOrientationLandscapeLeft UIInterfaceOrientationLandscapeRight";
				INFOPLIST_KEY_UISupportedInterfaceOrientations_iPhone = "UIInterfaceOrientationPortrait UIInterfaceOrientationLandscapeLeft UIInterfaceOrientationLandscapeRight";
				IPHONEOS_DEPLOYMENT_TARGET = 17.2;
				LD_RUNPATH_SEARCH_PATHS = (
					"$(inherited)",
					"@executable_path/Frameworks",
				);
				MARKETING_VERSION = 1.0;
				PRODUCT_BUNDLE_IDENTIFIER = "pcherevach.Activity-Stats-Exporter";
				PRODUCT_NAME = "$(TARGET_NAME)";
				SUPPORTED_PLATFORMS = "iphoneos iphonesimulator";
				SUPPORTS_MACCATALYST = NO;
				SUPPORTS_MAC_DESIGNED_FOR_IPHONE_IPAD = NO;
				SUPPORTS_XR_DESIGNED_FOR_IPHONE_IPAD = NO;
				SWIFT_EMIT_LOC_STRINGS = YES;
				SWIFT_VERSION = 5.0;
				TARGETED_DEVICE_FAMILY = "1,2";
			};
			name = Debug;
		};
		AA75DB852B6FF11000BF1BE5 /* Release */ = {
			isa = XCBuildConfiguration;
			buildSettings = {
				ASSETCATALOG_COMPILER_APPICON_NAME = AppIcon;
				ASSETCATALOG_COMPILER_GLOBAL_ACCENT_COLOR_NAME = AccentColor;
				CODE_SIGN_ENTITLEMENTS = "Activity Stats Exporter/Activity Stats Exporter.entitlements";
				CODE_SIGN_STYLE = Automatic;
				CURRENT_PROJECT_VERSION = 1;
				DEVELOPMENT_ASSET_PATHS = "\"Activity Stats Exporter/Preview Content\"";
				DEVELOPMENT_TEAM = A9B29N7D5B;
				ENABLE_PREVIEWS = YES;
				GENERATE_INFOPLIST_FILE = YES;
				INFOPLIST_FILE = "Activity-Stats-Exporter-Info.plist";
				INFOPLIST_KEY_LSApplicationCategoryType = "public.app-category.healthcare-fitness";
				INFOPLIST_KEY_NSHealthShareUsageDescription = "Health data is needed in order to fetch steps";
				INFOPLIST_KEY_NSHealthUpdateUsageDescription = "This is needed to alter the number of steps";
				INFOPLIST_KEY_UIApplicationSceneManifest_Generation = YES;
				INFOPLIST_KEY_UIApplicationSupportsIndirectInputEvents = YES;
				INFOPLIST_KEY_UILaunchScreen_Generation = YES;
				INFOPLIST_KEY_UISupportedInterfaceOrientations_iPad = "UIInterfaceOrientationPortrait UIInterfaceOrientationPortraitUpsideDown UIInterfaceOrientationLandscapeLeft UIInterfaceOrientationLandscapeRight";
				INFOPLIST_KEY_UISupportedInterfaceOrientations_iPhone = "UIInterfaceOrientationPortrait UIInterfaceOrientationLandscapeLeft UIInterfaceOrientationLandscapeRight";
				IPHONEOS_DEPLOYMENT_TARGET = 17.2;
				LD_RUNPATH_SEARCH_PATHS = (
					"$(inherited)",
					"@executable_path/Frameworks",
				);
				MARKETING_VERSION = 1.0;
				PRODUCT_BUNDLE_IDENTIFIER = "pcherevach.Activity-Stats-Exporter";
				PRODUCT_NAME = "$(TARGET_NAME)";
				SUPPORTED_PLATFORMS = "iphoneos iphonesimulator";
				SUPPORTS_MACCATALYST = NO;
				SUPPORTS_MAC_DESIGNED_FOR_IPHONE_IPAD = NO;
				SUPPORTS_XR_DESIGNED_FOR_IPHONE_IPAD = NO;
				SWIFT_EMIT_LOC_STRINGS = YES;
				SWIFT_VERSION = 5.0;
				TARGETED_DEVICE_FAMILY = "1,2";
			};
			name = Release;
		};
		AA75DB872B6FF11000BF1BE5 /* Debug */ = {
			isa = XCBuildConfiguration;
			buildSettings = {
				ALWAYS_EMBED_SWIFT_STANDARD_LIBRARIES = YES;
				BUNDLE_LOADER = "$(TEST_HOST)";
				CODE_SIGN_STYLE = Automatic;
				CURRENT_PROJECT_VERSION = 1;
				DEVELOPMENT_TEAM = A9B29N7D5B;
				GENERATE_INFOPLIST_FILE = YES;
				IPHONEOS_DEPLOYMENT_TARGET = 17.2;
				MARKETING_VERSION = 1.0;
				PRODUCT_BUNDLE_IDENTIFIER = "pcherevach.Activity-Stats-ExporterTests";
				PRODUCT_NAME = "$(TARGET_NAME)";
				SWIFT_EMIT_LOC_STRINGS = NO;
				SWIFT_VERSION = 5.0;
				TARGETED_DEVICE_FAMILY = "1,2";
				TEST_HOST = "$(BUILT_PRODUCTS_DIR)/Activity Stats Exporter.app/$(BUNDLE_EXECUTABLE_FOLDER_PATH)/Activity Stats Exporter";
			};
			name = Debug;
		};
		AA75DB882B6FF11000BF1BE5 /* Release */ = {
			isa = XCBuildConfiguration;
			buildSettings = {
				ALWAYS_EMBED_SWIFT_STANDARD_LIBRARIES = YES;
				BUNDLE_LOADER = "$(TEST_HOST)";
				CODE_SIGN_STYLE = Automatic;
				CURRENT_PROJECT_VERSION = 1;
				DEVELOPMENT_TEAM = A9B29N7D5B;
				GENERATE_INFOPLIST_FILE = YES;
				IPHONEOS_DEPLOYMENT_TARGET = 17.2;
				MARKETING_VERSION = 1.0;
				PRODUCT_BUNDLE_IDENTIFIER = "pcherevach.Activity-Stats-ExporterTests";
				PRODUCT_NAME = "$(TARGET_NAME)";
				SWIFT_EMIT_LOC_STRINGS = NO;
				SWIFT_VERSION = 5.0;
				TARGETED_DEVICE_FAMILY = "1,2";
				TEST_HOST = "$(BUILT_PRODUCTS_DIR)/Activity Stats Exporter.app/$(BUNDLE_EXECUTABLE_FOLDER_PATH)/Activity Stats Exporter";
			};
			name = Release;
		};
		AA75DB8A2B6FF11000BF1BE5 /* Debug */ = {
			isa = XCBuildConfiguration;
			buildSettings = {
				ALWAYS_EMBED_SWIFT_STANDARD_LIBRARIES = YES;
				CODE_SIGN_STYLE = Automatic;
				CURRENT_PROJECT_VERSION = 1;
				DEVELOPMENT_TEAM = A9B29N7D5B;
				GENERATE_INFOPLIST_FILE = YES;
				MARKETING_VERSION = 1.0;
				PRODUCT_BUNDLE_IDENTIFIER = "pcherevach.Activity-Stats-ExporterUITests";
				PRODUCT_NAME = "$(TARGET_NAME)";
				SWIFT_EMIT_LOC_STRINGS = NO;
				SWIFT_VERSION = 5.0;
				TARGETED_DEVICE_FAMILY = "1,2";
				TEST_TARGET_NAME = "Activity Stats Exporter";
			};
			name = Debug;
		};
		AA75DB8B2B6FF11000BF1BE5 /* Release */ = {
			isa = XCBuildConfiguration;
			buildSettings = {
				ALWAYS_EMBED_SWIFT_STANDARD_LIBRARIES = YES;
				CODE_SIGN_STYLE = Automatic;
				CURRENT_PROJECT_VERSION = 1;
				DEVELOPMENT_TEAM = A9B29N7D5B;
				GENERATE_INFOPLIST_FILE = YES;
				MARKETING_VERSION = 1.0;
				PRODUCT_BUNDLE_IDENTIFIER = "pcherevach.Activity-Stats-ExporterUITests";
				PRODUCT_NAME = "$(TARGET_NAME)";
				SWIFT_EMIT_LOC_STRINGS = NO;
				SWIFT_VERSION = 5.0;
				TARGETED_DEVICE_FAMILY = "1,2";
				TEST_TARGET_NAME = "Activity Stats Exporter";
			};
			name = Release;
		};
/* End XCBuildConfiguration section */

/* Begin XCConfigurationList section */
		AA75DB582B6FF10E00BF1BE5 /* Build configuration list for PBXProject "Activity Stats Exporter" */ = {
			isa = XCConfigurationList;
			buildConfigurations = (
				AA75DB812B6FF11000BF1BE5 /* Debug */,
				AA75DB822B6FF11000BF1BE5 /* Release */,
			);
			defaultConfigurationIsVisible = 0;
			defaultConfigurationName = Release;
		};
		AA75DB832B6FF11000BF1BE5 /* Build configuration list for PBXNativeTarget "Activity Stats Exporter" */ = {
			isa = XCConfigurationList;
			buildConfigurations = (
				AA75DB842B6FF11000BF1BE5 /* Debug */,
				AA75DB852B6FF11000BF1BE5 /* Release */,
			);
			defaultConfigurationIsVisible = 0;
			defaultConfigurationName = Release;
		};
		AA75DB862B6FF11000BF1BE5 /* Build configuration list for PBXNativeTarget "Activity Stats ExporterTests" */ = {
			isa = XCConfigurationList;
			buildConfigurations = (
				AA75DB872B6FF11000BF1BE5 /* Debug */,
				AA75DB882B6FF11000BF1BE5 /* Release */,
			);
			defaultConfigurationIsVisible = 0;
			defaultConfigurationName = Release;
		};
		AA75DB892B6FF11000BF1BE5 /* Build configuration list for PBXNativeTarget "Activity Stats ExporterUITests" */ = {
			isa = XCConfigurationList;
			buildConfigurations = (
				AA75DB8A2B6FF11000BF1BE5 /* Debug */,
				AA75DB8B2B6FF11000BF1BE5 /* Release */,
			);
			defaultConfigurationIsVisible = 0;
			defaultConfigurationName = Release;
		};
/* End XCConfigurationList section */
	};
	rootObject = AA75DB552B6FF10E00BF1BE5 /* Project object */;
}
